
Microsoft Visual Studio Solution File, Format Version 11.00
# Visual Studio 2010
Project("{FAE04EC0-301F-11D3-BF4B-00C04F79EFBC}") = "CSHelperLibrary", "CSHelperLibrary\CSHelperLibrary.csproj", "{A381FF31-97D2-451A-AB22-CF2805F14A6C}"
EndProject
Project("{FAE04EC0-301F-11D3-BF4B-00C04F79EFBC}") = "AttributeReflectionProto", "AttributeReflectionProto\AttributeReflectionProto.csproj", "{9D4895F5-7ED2-471B-95FE-1BE8267E5AC3}"
EndProject
Project("{FAE04EC0-301F-11D3-BF4B-00C04F79EFBC}") = "CommandLineOptions", "CommandLineOptions\CommandLineOptions.csproj", "{4887FFEC-C441-4A9D-9445-C88E01867A55}"
EndProject
Project("{FAE04EC0-301F-11D3-BF4B-00C04F79EFBC}") = "WpfNLogProto", "WpfNLogProto\WpfNLogProto.csproj", "{7A6B63CF-17FC-44F9-B58D-2BDBBEB82DD1}"
EndProject
Project("{FAE04EC0-301F-11D3-BF4B-00C04F79EFBC}") = "CSJsonSerialization", "CSJsonSerialization\CSJsonSerialization.csproj", "{1053BA2D-3FD0-42C8-B88C-751A0B29606B}"
EndProject
Project("{8BC9CEB8-8B4A-11D0-8D11-00A0C91BC942}") = "CPPJsonSerialization", "CPPJsonSerialization\CPPJsonSerialization.vcxproj", "{F8411053-1D5D-4B19-A1BC-F38DF3EE77CE}"
EndProject
Global
	GlobalSection(SolutionConfigurationPlatforms) = preSolution
		Debug|Any CPU = Debug|Any CPU
		Debug|Mixed Platforms = Debug|Mixed Platforms
		Debug|Win32 = Debug|Win32
		Debug|x86 = Debug|x86
		Release|Any CPU = Release|Any CPU
		Release|Mixed Platforms = Release|Mixed Platforms
		Release|Win32 = Release|Win32
		Release|x86 = Release|x86
	EndGlobalSection
	GlobalSection(ProjectConfigurationPlatforms) = postSolution
		{A381FF31-97D2-451A-AB22-CF2805F14A6C}.Debug|Any CPU.ActiveCfg = Debug|Any CPU
		{A381FF31-97D2-451A-AB22-CF2805F14A6C}.Debug|Any CPU.Build.0 = Debug|Any CPU
		{A381FF31-97D2-451A-AB22-CF2805F14A6C}.Debug|Mixed Platforms.ActiveCfg = Debug|Any CPU
		{A381FF31-97D2-451A-AB22-CF2805F14A6C}.Debug|Mixed Platforms.Build.0 = Debug|Any CPU
		{A381FF31-97D2-451A-AB22-CF2805F14A6C}.Debug|Win32.ActiveCfg = Debug|Any CPU
		{A381FF31-97D2-451A-AB22-CF2805F14A6C}.Debug|x86.ActiveCfg = Debug|Any CPU
		{A381FF31-97D2-451A-AB22-CF2805F14A6C}.Release|Any CPU.ActiveCfg = Release|Any CPU
		{A381FF31-97D2-451A-AB22-CF2805F14A6C}.Release|Any CPU.Build.0 = Release|Any CPU
		{A381FF31-97D2-451A-AB22-CF2805F14A6C}.Release|Mixed Platforms.ActiveCfg = Release|Any CPU
		{A381FF31-97D2-451A-AB22-CF2805F14A6C}.Release|Mixed Platforms.Build.0 = Release|Any CPU
		{A381FF31-97D2-451A-AB22-CF2805F14A6C}.Release|Win32.ActiveCfg = Release|Any CPU
		{A381FF31-97D2-451A-AB22-CF2805F14A6C}.Release|x86.ActiveCfg = Release|Any CPU
		{9D4895F5-7ED2-471B-95FE-1BE8267E5AC3}.Debug|Any CPU.ActiveCfg = Debug|x86
		{9D4895F5-7ED2-471B-95FE-1BE8267E5AC3}.Debug|Mixed Platforms.ActiveCfg = Debug|x86
		{9D4895F5-7ED2-471B-95FE-1BE8267E5AC3}.Debug|Mixed Platforms.Build.0 = Debug|x86
		{9D4895F5-7ED2-471B-95FE-1BE8267E5AC3}.Debug|Win32.ActiveCfg = Debug|x86
		{9D4895F5-7ED2-471B-95FE-1BE8267E5AC3}.Debug|x86.ActiveCfg = Debug|x86
		{9D4895F5-7ED2-471B-95FE-1BE8267E5AC3}.Debug|x86.Build.0 = Debug|x86
		{9D4895F5-7ED2-471B-95FE-1BE8267E5AC3}.Release|Any CPU.ActiveCfg = Release|x86
		{9D4895F5-7ED2-471B-95FE-1BE8267E5AC3}.Release|Mixed Platforms.ActiveCfg = Release|x86
		{9D4895F5-7ED2-471B-95FE-1BE8267E5AC3}.Release|Mixed Platforms.Build.0 = Release|x86
		{9D4895F5-7ED2-471B-95FE-1BE8267E5AC3}.Release|Win32.ActiveCfg = Release|x86
		{9D4895F5-7ED2-471B-95FE-1BE8267E5AC3}.Release|x86.ActiveCfg = Release|x86
		{9D4895F5-7ED2-471B-95FE-1BE8267E5AC3}.Release|x86.Build.0 = Release|x86
		{4887FFEC-C441-4A9D-9445-C88E01867A55}.Debug|Any CPU.ActiveCfg = Debug|x86
		{4887FFEC-C441-4A9D-9445-C88E01867A55}.Debug|Mixed Platforms.ActiveCfg = Debug|x86
		{4887FFEC-C441-4A9D-9445-C88E01867A55}.Debug|Mixed Platforms.Build.0 = Debug|x86
		{4887FFEC-C441-4A9D-9445-C88E01867A55}.Debug|Win32.ActiveCfg = Debug|x86
		{4887FFEC-C441-4A9D-9445-C88E01867A55}.Debug|x86.ActiveCfg = Debug|x86
		{4887FFEC-C441-4A9D-9445-C88E01867A55}.Debug|x86.Build.0 = Debug|x86
		{4887FFEC-C441-4A9D-9445-C88E01867A55}.Release|Any CPU.ActiveCfg = Release|x86
		{4887FFEC-C441-4A9D-9445-C88E01867A55}.Release|Mixed Platforms.ActiveCfg = Release|x86
		{4887FFEC-C441-4A9D-9445-C88E01867A55}.Release|Mixed Platforms.Build.0 = Release|x86
		{4887FFEC-C441-4A9D-9445-C88E01867A55}.Release|Win32.ActiveCfg = Release|x86
		{4887FFEC-C441-4A9D-9445-C88E01867A55}.Release|x86.ActiveCfg = Release|x86
		{4887FFEC-C441-4A9D-9445-C88E01867A55}.Release|x86.Build.0 = Release|x86
		{7A6B63CF-17FC-44F9-B58D-2BDBBEB82DD1}.Debug|Any CPU.ActiveCfg = Debug|x86
		{7A6B63CF-17FC-44F9-B58D-2BDBBEB82DD1}.Debug|Mixed Platforms.ActiveCfg = Debug|x86
		{7A6B63CF-17FC-44F9-B58D-2BDBBEB82DD1}.Debug|Mixed Platforms.Build.0 = Debug|x86
		{7A6B63CF-17FC-44F9-B58D-2BDBBEB82DD1}.Debug|Win32.ActiveCfg = Debug|x86
		{7A6B63CF-17FC-44F9-B58D-2BDBBEB82DD1}.Debug|x86.ActiveCfg = Debug|x86
		{7A6B63CF-17FC-44F9-B58D-2BDBBEB82DD1}.Debug|x86.Build.0 = Debug|x86
		{7A6B63CF-17FC-44F9-B58D-2BDBBEB82DD1}.Release|Any CPU.ActiveCfg = Release|x86
		{7A6B63CF-17FC-44F9-B58D-2BDBBEB82DD1}.Release|Mixed Platforms.ActiveCfg = Release|x86
		{7A6B63CF-17FC-44F9-B58D-2BDBBEB82DD1}.Release|Mixed Platforms.Build.0 = Release|x86
		{7A6B63CF-17FC-44F9-B58D-2BDBBEB82DD1}.Release|Win32.ActiveCfg = Release|x86
		{7A6B63CF-17FC-44F9-B58D-2BDBBEB82DD1}.Release|x86.ActiveCfg = Release|x86
		{7A6B63CF-17FC-44F9-B58D-2BDBBEB82DD1}.Release|x86.Build.0 = Release|x86
		{1053BA2D-3FD0-42C8-B88C-751A0B29606B}.Debug|Any CPU.ActiveCfg = Debug|x86
		{1053BA2D-3FD0-42C8-B88C-751A0B29606B}.Debug|Mixed Platforms.ActiveCfg = Debug|x86
		{1053BA2D-3FD0-42C8-B88C-751A0B29606B}.Debug|Mixed Platforms.Build.0 = Debug|x86
		{1053BA2D-3FD0-42C8-B88C-751A0B29606B}.Debug|Win32.ActiveCfg = Debug|x86
		{1053BA2D-3FD0-42C8-B88C-751A0B29606B}.Debug|x86.ActiveCfg = Debug|x86
		{1053BA2D-3FD0-42C8-B88C-751A0B29606B}.Debug|x86.Build.0 = Debug|x86
		{1053BA2D-3FD0-42C8-B88C-751A0B29606B}.Release|Any CPU.ActiveCfg = Release|x86
		{1053BA2D-3FD0-42C8-B88C-751A0B29606B}.Release|Mixed Platforms.ActiveCfg = Release|x86
		{1053BA2D-3FD0-42C8-B88C-751A0B29606B}.Release|Mixed Platforms.Build.0 = Release|x86
		{1053BA2D-3FD0-42C8-B88C-751A0B29606B}.Release|Win32.ActiveCfg = Release|x86
		{1053BA2D-3FD0-42C8-B88C-751A0B29606B}.Release|x86.ActiveCfg = Release|x86
		{1053BA2D-3FD0-42C8-B88C-751A0B29606B}.Release|x86.Build.0 = Release|x86
		{F8411053-1D5D-4B19-A1BC-F38DF3EE77CE}.Debug|Any CPU.ActiveCfg = Debug|Win32
		{F8411053-1D5D-4B19-A1BC-F38DF3EE77CE}.Debug|Mixed Platforms.ActiveCfg = Debug|Win32
		{F8411053-1D5D-4B19-A1BC-F38DF3EE77CE}.Debug|Mixed Platforms.Build.0 = Debug|Win32
		{F8411053-1D5D-4B19-A1BC-F38DF3EE77CE}.Debug|Win32.ActiveCfg = Debug|Win32
		{F8411053-1D5D-4B19-A1BC-F38DF3EE77CE}.Debug|Win32.Build.0 = Debug|Win32
		{F8411053-1D5D-4B19-A1BC-F38DF3EE77CE}.Debug|x86.ActiveCfg = Debug|Win32
		{F8411053-1D5D-4B19-A1BC-F38DF3EE77CE}.Release|Any CPU.ActiveCfg = Release|Win32
		{F8411053-1D5D-4B19-A1BC-F38DF3EE77CE}.Release|Mixed Platforms.ActiveCfg = Release|Win32
		{F8411053-1D5D-4B19-A1BC-F38DF3EE77CE}.Release|Mixed Platforms.Build.0 = Release|Win32
		{F8411053-1D5D-4B19-A1BC-F38DF3EE77CE}.Release|Win32.ActiveCfg = Release|Win32
		{F8411053-1D5D-4B19-A1BC-F38DF3EE77CE}.Release|Win32.Build.0 = Release|Win32
		{F8411053-1D5D-4B19-A1BC-F38DF3EE77CE}.Release|x86.ActiveCfg = Release|Win32
	EndGlobalSection
	GlobalSection(SolutionProperties) = preSolution
		HideSolutionNode = FALSE
	EndGlobalSection
EndGlobal
