
Microsoft Visual Studio Solution File, Format Version 11.00
# Visual Studio 2010
Project("{FAE04EC0-301F-11D3-BF4B-00C04F79EFBC}") = "CSHelperLibrary", "CSHelperLibrary\CSHelperLibrary.csproj", "{A381FF31-97D2-451A-AB22-CF2805F14A6C}"
EndProject
Project("{FAE04EC0-301F-11D3-BF4B-00C04F79EFBC}") = "AttributeReflectionProto", "AttributeReflectionProto\AttributeReflectionProto.csproj", "{9D4895F5-7ED2-471B-95FE-1BE8267E5AC3}"
EndProject
Project("{FAE04EC0-301F-11D3-BF4B-00C04F79EFBC}") = "CommandLineOptions", "CommandLineOptions\CommandLineOptions.csproj", "{4887FFEC-C441-4A9D-9445-C88E01867A55}"
EndProject
Project("{FAE04EC0-301F-11D3-BF4B-00C04F79EFBC}") = "WpfNLogProto", "WpfNLogProto\WpfNLogProto.csproj", "{7A6B63CF-17FC-44F9-B58D-2BDBBEB82DD1}"
EndProject
Project("{FAE04EC0-301F-11D3-BF4B-00C04F79EFBC}") = "CSJsonSerialization", "CSJsonSerialization\CSJsonSerialization.csproj", "{1053BA2D-3FD0-42C8-B88C-751A0B29606B}"
EndProject
Project("{8BC9CEB8-8B4A-11D0-8D11-00A0C91BC942}") = "CPPJsonSerialization", "CPPJsonSerialization\CPPJsonSerialization.vcxproj", "{F8411053-1D5D-4B19-A1BC-F38DF3EE77CE}"
EndProject
Project("{888888A0-9F3D-457C-B088-3A5042F75D52}") = "PYJsonSerialization", "PYJsonSerialization\PYJsonSerialization.pyproj", "{5232A1CC-107E-4CE6-B6A4-A9C78BC7F6F7}"
EndProject
Project("{FAE04EC0-301F-11D3-BF4B-00C04F79EFBC}") = "GenerateCSStructures", "GenerateCSStructures\GenerateCSStructures.csproj", "{3DF8485A-8005-47A8-9EC0-1E5FDF9B7B35}"
EndProject
Project("{8BC9CEB8-8B4A-11D0-8D11-00A0C91BC942}") = "CppExecutor", "CppExecutor\CppExecutor.vcxproj", "{A4555D89-6EC3-4BAF-A6CD-A34EB076BB5A}"
EndProject
Project("{FAE04EC0-301F-11D3-BF4B-00C04F79EFBC}") = "WpfDragAndDrop", "WpfDragAndDrop\WpfDragAndDrop.csproj", "{BABAD66E-2DBF-4908-8ACE-FF7051FC4A97}"
EndProject
Project("{FAE04EC0-301F-11D3-BF4B-00C04F79EFBC}") = "AvalonDockTest", "AvalonDockTest\AvalonDockTest.csproj", "{5E909FFA-87F6-4D0E-B122-FF19E73AFCE1}"
EndProject
Project("{FAE04EC0-301F-11D3-BF4B-00C04F79EFBC}") = "WpfPixelShader", "WpfPixelShader\WpfPixelShader.csproj", "{08F28C23-693F-4B5D-8B91-9CCA65329D81}"
EndProject
Project("{FAE04EC0-301F-11D3-BF4B-00C04F79EFBC}") = "WPFMRUMenuItemTest", "WPFMRUMenuItemTest\WPFMRUMenuItemTest.csproj", "{1EA5D96A-D9EC-4515-967B-E18124E9BA97}"
EndProject
Project("{888888A0-9F3D-457C-B088-3A5042F75D52}") = "XmlToHtml", "XmlToHtml\XmlToHtml.pyproj", "{0DAF0B22-321B-438E-B115-BDE82A89ED3C}"
EndProject
Project("{888888A0-9F3D-457C-B088-3A5042F75D52}") = "PyAppMonitor", "PyAppMonitor\PyAppMonitor.pyproj", "{9B966D15-0B32-403B-9D8C-355ECD1FFA00}"
EndProject
Project("{FAE04EC0-301F-11D3-BF4B-00C04F79EFBC}") = "Nabbler", "Nabbler\Nabbler.csproj", "{4786D8DB-A29A-4A5E-8CB7-E76F978A8789}"
EndProject
Project("{FAE04EC0-301F-11D3-BF4B-00C04F79EFBC}") = "ProcessOverlord", "ProcessOverlord\ProcessOverlord.csproj", "{6C5B9614-9E1B-43BC-AF1C-D5DAD025E63B}"
EndProject
Project("{FAE04EC0-301F-11D3-BF4B-00C04F79EFBC}") = "ProcessOverlordDriver", "ProcessOverlordDriver\ProcessOverlordDriver.csproj", "{64AA062E-6C34-4191-8096-F947D784D23F}"
	ProjectSection(ProjectDependencies) = postProject
		{6C5B9614-9E1B-43BC-AF1C-D5DAD025E63B} = {6C5B9614-9E1B-43BC-AF1C-D5DAD025E63B}
	EndProjectSection
EndProject
Global
	GlobalSection(SolutionConfigurationPlatforms) = preSolution
		Debug|Any CPU = Debug|Any CPU
		Debug|Mixed Platforms = Debug|Mixed Platforms
		Debug|Win32 = Debug|Win32
		Debug|x86 = Debug|x86
		Release|Any CPU = Release|Any CPU
		Release|Mixed Platforms = Release|Mixed Platforms
		Release|Win32 = Release|Win32
		Release|x86 = Release|x86
	EndGlobalSection
	GlobalSection(ProjectConfigurationPlatforms) = postSolution
		{A381FF31-97D2-451A-AB22-CF2805F14A6C}.Debug|Any CPU.ActiveCfg = Debug|Any CPU
		{A381FF31-97D2-451A-AB22-CF2805F14A6C}.Debug|Any CPU.Build.0 = Debug|Any CPU
		{A381FF31-97D2-451A-AB22-CF2805F14A6C}.Debug|Mixed Platforms.ActiveCfg = Debug|Any CPU
		{A381FF31-97D2-451A-AB22-CF2805F14A6C}.Debug|Mixed Platforms.Build.0 = Debug|Any CPU
		{A381FF31-97D2-451A-AB22-CF2805F14A6C}.Debug|Win32.ActiveCfg = Debug|Any CPU
		{A381FF31-97D2-451A-AB22-CF2805F14A6C}.Debug|x86.ActiveCfg = Debug|Any CPU
		{A381FF31-97D2-451A-AB22-CF2805F14A6C}.Release|Any CPU.ActiveCfg = Release|Any CPU
		{A381FF31-97D2-451A-AB22-CF2805F14A6C}.Release|Any CPU.Build.0 = Release|Any CPU
		{A381FF31-97D2-451A-AB22-CF2805F14A6C}.Release|Mixed Platforms.ActiveCfg = Release|Any CPU
		{A381FF31-97D2-451A-AB22-CF2805F14A6C}.Release|Mixed Platforms.Build.0 = Release|Any CPU
		{A381FF31-97D2-451A-AB22-CF2805F14A6C}.Release|Win32.ActiveCfg = Release|Any CPU
		{A381FF31-97D2-451A-AB22-CF2805F14A6C}.Release|x86.ActiveCfg = Release|Any CPU
		{9D4895F5-7ED2-471B-95FE-1BE8267E5AC3}.Debug|Any CPU.ActiveCfg = Debug|x86
		{9D4895F5-7ED2-471B-95FE-1BE8267E5AC3}.Debug|Mixed Platforms.ActiveCfg = Debug|x86
		{9D4895F5-7ED2-471B-95FE-1BE8267E5AC3}.Debug|Mixed Platforms.Build.0 = Debug|x86
		{9D4895F5-7ED2-471B-95FE-1BE8267E5AC3}.Debug|Win32.ActiveCfg = Debug|x86
		{9D4895F5-7ED2-471B-95FE-1BE8267E5AC3}.Debug|x86.ActiveCfg = Debug|x86
		{9D4895F5-7ED2-471B-95FE-1BE8267E5AC3}.Debug|x86.Build.0 = Debug|x86
		{9D4895F5-7ED2-471B-95FE-1BE8267E5AC3}.Release|Any CPU.ActiveCfg = Release|x86
		{9D4895F5-7ED2-471B-95FE-1BE8267E5AC3}.Release|Mixed Platforms.ActiveCfg = Release|x86
		{9D4895F5-7ED2-471B-95FE-1BE8267E5AC3}.Release|Mixed Platforms.Build.0 = Release|x86
		{9D4895F5-7ED2-471B-95FE-1BE8267E5AC3}.Release|Win32.ActiveCfg = Release|x86
		{9D4895F5-7ED2-471B-95FE-1BE8267E5AC3}.Release|x86.ActiveCfg = Release|x86
		{9D4895F5-7ED2-471B-95FE-1BE8267E5AC3}.Release|x86.Build.0 = Release|x86
		{4887FFEC-C441-4A9D-9445-C88E01867A55}.Debug|Any CPU.ActiveCfg = Debug|x86
		{4887FFEC-C441-4A9D-9445-C88E01867A55}.Debug|Mixed Platforms.ActiveCfg = Debug|x86
		{4887FFEC-C441-4A9D-9445-C88E01867A55}.Debug|Mixed Platforms.Build.0 = Debug|x86
		{4887FFEC-C441-4A9D-9445-C88E01867A55}.Debug|Win32.ActiveCfg = Debug|x86
		{4887FFEC-C441-4A9D-9445-C88E01867A55}.Debug|x86.ActiveCfg = Debug|x86
		{4887FFEC-C441-4A9D-9445-C88E01867A55}.Debug|x86.Build.0 = Debug|x86
		{4887FFEC-C441-4A9D-9445-C88E01867A55}.Release|Any CPU.ActiveCfg = Release|x86
		{4887FFEC-C441-4A9D-9445-C88E01867A55}.Release|Mixed Platforms.ActiveCfg = Release|x86
		{4887FFEC-C441-4A9D-9445-C88E01867A55}.Release|Mixed Platforms.Build.0 = Release|x86
		{4887FFEC-C441-4A9D-9445-C88E01867A55}.Release|Win32.ActiveCfg = Release|x86
		{4887FFEC-C441-4A9D-9445-C88E01867A55}.Release|x86.ActiveCfg = Release|x86
		{4887FFEC-C441-4A9D-9445-C88E01867A55}.Release|x86.Build.0 = Release|x86
		{7A6B63CF-17FC-44F9-B58D-2BDBBEB82DD1}.Debug|Any CPU.ActiveCfg = Debug|x86
		{7A6B63CF-17FC-44F9-B58D-2BDBBEB82DD1}.Debug|Mixed Platforms.ActiveCfg = Debug|x86
		{7A6B63CF-17FC-44F9-B58D-2BDBBEB82DD1}.Debug|Mixed Platforms.Build.0 = Debug|x86
		{7A6B63CF-17FC-44F9-B58D-2BDBBEB82DD1}.Debug|Win32.ActiveCfg = Debug|x86
		{7A6B63CF-17FC-44F9-B58D-2BDBBEB82DD1}.Debug|x86.ActiveCfg = Debug|x86
		{7A6B63CF-17FC-44F9-B58D-2BDBBEB82DD1}.Debug|x86.Build.0 = Debug|x86
		{7A6B63CF-17FC-44F9-B58D-2BDBBEB82DD1}.Release|Any CPU.ActiveCfg = Release|x86
		{7A6B63CF-17FC-44F9-B58D-2BDBBEB82DD1}.Release|Mixed Platforms.ActiveCfg = Release|x86
		{7A6B63CF-17FC-44F9-B58D-2BDBBEB82DD1}.Release|Mixed Platforms.Build.0 = Release|x86
		{7A6B63CF-17FC-44F9-B58D-2BDBBEB82DD1}.Release|Win32.ActiveCfg = Release|x86
		{7A6B63CF-17FC-44F9-B58D-2BDBBEB82DD1}.Release|x86.ActiveCfg = Release|x86
		{7A6B63CF-17FC-44F9-B58D-2BDBBEB82DD1}.Release|x86.Build.0 = Release|x86
		{1053BA2D-3FD0-42C8-B88C-751A0B29606B}.Debug|Any CPU.ActiveCfg = Debug|x86
		{1053BA2D-3FD0-42C8-B88C-751A0B29606B}.Debug|Mixed Platforms.ActiveCfg = Debug|x86
		{1053BA2D-3FD0-42C8-B88C-751A0B29606B}.Debug|Mixed Platforms.Build.0 = Debug|x86
		{1053BA2D-3FD0-42C8-B88C-751A0B29606B}.Debug|Win32.ActiveCfg = Debug|x86
		{1053BA2D-3FD0-42C8-B88C-751A0B29606B}.Debug|x86.ActiveCfg = Debug|x86
		{1053BA2D-3FD0-42C8-B88C-751A0B29606B}.Debug|x86.Build.0 = Debug|x86
		{1053BA2D-3FD0-42C8-B88C-751A0B29606B}.Release|Any CPU.ActiveCfg = Release|x86
		{1053BA2D-3FD0-42C8-B88C-751A0B29606B}.Release|Mixed Platforms.ActiveCfg = Release|x86
		{1053BA2D-3FD0-42C8-B88C-751A0B29606B}.Release|Mixed Platforms.Build.0 = Release|x86
		{1053BA2D-3FD0-42C8-B88C-751A0B29606B}.Release|Win32.ActiveCfg = Release|x86
		{1053BA2D-3FD0-42C8-B88C-751A0B29606B}.Release|x86.ActiveCfg = Release|x86
		{1053BA2D-3FD0-42C8-B88C-751A0B29606B}.Release|x86.Build.0 = Release|x86
		{F8411053-1D5D-4B19-A1BC-F38DF3EE77CE}.Debug|Any CPU.ActiveCfg = Debug|Win32
		{F8411053-1D5D-4B19-A1BC-F38DF3EE77CE}.Debug|Mixed Platforms.ActiveCfg = Debug|Win32
		{F8411053-1D5D-4B19-A1BC-F38DF3EE77CE}.Debug|Mixed Platforms.Build.0 = Debug|Win32
		{F8411053-1D5D-4B19-A1BC-F38DF3EE77CE}.Debug|Win32.ActiveCfg = Debug|Win32
		{F8411053-1D5D-4B19-A1BC-F38DF3EE77CE}.Debug|Win32.Build.0 = Debug|Win32
		{F8411053-1D5D-4B19-A1BC-F38DF3EE77CE}.Debug|x86.ActiveCfg = Debug|Win32
		{F8411053-1D5D-4B19-A1BC-F38DF3EE77CE}.Release|Any CPU.ActiveCfg = Release|Win32
		{F8411053-1D5D-4B19-A1BC-F38DF3EE77CE}.Release|Mixed Platforms.ActiveCfg = Release|Win32
		{F8411053-1D5D-4B19-A1BC-F38DF3EE77CE}.Release|Mixed Platforms.Build.0 = Release|Win32
		{F8411053-1D5D-4B19-A1BC-F38DF3EE77CE}.Release|Win32.ActiveCfg = Release|Win32
		{F8411053-1D5D-4B19-A1BC-F38DF3EE77CE}.Release|Win32.Build.0 = Release|Win32
		{F8411053-1D5D-4B19-A1BC-F38DF3EE77CE}.Release|x86.ActiveCfg = Release|Win32
		{5232A1CC-107E-4CE6-B6A4-A9C78BC7F6F7}.Debug|Any CPU.ActiveCfg = Debug|Any CPU
		{5232A1CC-107E-4CE6-B6A4-A9C78BC7F6F7}.Debug|Mixed Platforms.ActiveCfg = Debug|Any CPU
		{5232A1CC-107E-4CE6-B6A4-A9C78BC7F6F7}.Debug|Win32.ActiveCfg = Debug|Any CPU
		{5232A1CC-107E-4CE6-B6A4-A9C78BC7F6F7}.Debug|x86.ActiveCfg = Debug|Any CPU
		{5232A1CC-107E-4CE6-B6A4-A9C78BC7F6F7}.Release|Any CPU.ActiveCfg = Release|Any CPU
		{5232A1CC-107E-4CE6-B6A4-A9C78BC7F6F7}.Release|Mixed Platforms.ActiveCfg = Release|Any CPU
		{5232A1CC-107E-4CE6-B6A4-A9C78BC7F6F7}.Release|Win32.ActiveCfg = Release|Any CPU
		{5232A1CC-107E-4CE6-B6A4-A9C78BC7F6F7}.Release|x86.ActiveCfg = Release|Any CPU
		{3DF8485A-8005-47A8-9EC0-1E5FDF9B7B35}.Debug|Any CPU.ActiveCfg = Debug|x86
		{3DF8485A-8005-47A8-9EC0-1E5FDF9B7B35}.Debug|Mixed Platforms.ActiveCfg = Debug|x86
		{3DF8485A-8005-47A8-9EC0-1E5FDF9B7B35}.Debug|Mixed Platforms.Build.0 = Debug|x86
		{3DF8485A-8005-47A8-9EC0-1E5FDF9B7B35}.Debug|Win32.ActiveCfg = Debug|x86
		{3DF8485A-8005-47A8-9EC0-1E5FDF9B7B35}.Debug|x86.ActiveCfg = Debug|x86
		{3DF8485A-8005-47A8-9EC0-1E5FDF9B7B35}.Debug|x86.Build.0 = Debug|x86
		{3DF8485A-8005-47A8-9EC0-1E5FDF9B7B35}.Release|Any CPU.ActiveCfg = Release|x86
		{3DF8485A-8005-47A8-9EC0-1E5FDF9B7B35}.Release|Mixed Platforms.ActiveCfg = Release|x86
		{3DF8485A-8005-47A8-9EC0-1E5FDF9B7B35}.Release|Mixed Platforms.Build.0 = Release|x86
		{3DF8485A-8005-47A8-9EC0-1E5FDF9B7B35}.Release|Win32.ActiveCfg = Release|x86
		{3DF8485A-8005-47A8-9EC0-1E5FDF9B7B35}.Release|x86.ActiveCfg = Release|x86
		{3DF8485A-8005-47A8-9EC0-1E5FDF9B7B35}.Release|x86.Build.0 = Release|x86
		{A4555D89-6EC3-4BAF-A6CD-A34EB076BB5A}.Debug|Any CPU.ActiveCfg = Debug|Win32
		{A4555D89-6EC3-4BAF-A6CD-A34EB076BB5A}.Debug|Mixed Platforms.ActiveCfg = Debug|Win32
		{A4555D89-6EC3-4BAF-A6CD-A34EB076BB5A}.Debug|Mixed Platforms.Build.0 = Debug|Win32
		{A4555D89-6EC3-4BAF-A6CD-A34EB076BB5A}.Debug|Win32.ActiveCfg = Debug|Win32
		{A4555D89-6EC3-4BAF-A6CD-A34EB076BB5A}.Debug|Win32.Build.0 = Debug|Win32
		{A4555D89-6EC3-4BAF-A6CD-A34EB076BB5A}.Debug|x86.ActiveCfg = Debug|Win32
		{A4555D89-6EC3-4BAF-A6CD-A34EB076BB5A}.Release|Any CPU.ActiveCfg = Release|Win32
		{A4555D89-6EC3-4BAF-A6CD-A34EB076BB5A}.Release|Mixed Platforms.ActiveCfg = Release|Win32
		{A4555D89-6EC3-4BAF-A6CD-A34EB076BB5A}.Release|Mixed Platforms.Build.0 = Release|Win32
		{A4555D89-6EC3-4BAF-A6CD-A34EB076BB5A}.Release|Win32.ActiveCfg = Release|Win32
		{A4555D89-6EC3-4BAF-A6CD-A34EB076BB5A}.Release|Win32.Build.0 = Release|Win32
		{A4555D89-6EC3-4BAF-A6CD-A34EB076BB5A}.Release|x86.ActiveCfg = Release|Win32
		{BABAD66E-2DBF-4908-8ACE-FF7051FC4A97}.Debug|Any CPU.ActiveCfg = Debug|x86
		{BABAD66E-2DBF-4908-8ACE-FF7051FC4A97}.Debug|Mixed Platforms.ActiveCfg = Debug|x86
		{BABAD66E-2DBF-4908-8ACE-FF7051FC4A97}.Debug|Mixed Platforms.Build.0 = Debug|x86
		{BABAD66E-2DBF-4908-8ACE-FF7051FC4A97}.Debug|Win32.ActiveCfg = Debug|x86
		{BABAD66E-2DBF-4908-8ACE-FF7051FC4A97}.Debug|x86.ActiveCfg = Debug|x86
		{BABAD66E-2DBF-4908-8ACE-FF7051FC4A97}.Debug|x86.Build.0 = Debug|x86
		{BABAD66E-2DBF-4908-8ACE-FF7051FC4A97}.Release|Any CPU.ActiveCfg = Release|x86
		{BABAD66E-2DBF-4908-8ACE-FF7051FC4A97}.Release|Mixed Platforms.ActiveCfg = Release|x86
		{BABAD66E-2DBF-4908-8ACE-FF7051FC4A97}.Release|Mixed Platforms.Build.0 = Release|x86
		{BABAD66E-2DBF-4908-8ACE-FF7051FC4A97}.Release|Win32.ActiveCfg = Release|x86
		{BABAD66E-2DBF-4908-8ACE-FF7051FC4A97}.Release|x86.ActiveCfg = Release|x86
		{BABAD66E-2DBF-4908-8ACE-FF7051FC4A97}.Release|x86.Build.0 = Release|x86
		{5E909FFA-87F6-4D0E-B122-FF19E73AFCE1}.Debug|Any CPU.ActiveCfg = Debug|x86
		{5E909FFA-87F6-4D0E-B122-FF19E73AFCE1}.Debug|Mixed Platforms.ActiveCfg = Debug|x86
		{5E909FFA-87F6-4D0E-B122-FF19E73AFCE1}.Debug|Mixed Platforms.Build.0 = Debug|x86
		{5E909FFA-87F6-4D0E-B122-FF19E73AFCE1}.Debug|Win32.ActiveCfg = Debug|x86
		{5E909FFA-87F6-4D0E-B122-FF19E73AFCE1}.Debug|x86.ActiveCfg = Debug|x86
		{5E909FFA-87F6-4D0E-B122-FF19E73AFCE1}.Debug|x86.Build.0 = Debug|x86
		{5E909FFA-87F6-4D0E-B122-FF19E73AFCE1}.Release|Any CPU.ActiveCfg = Release|x86
		{5E909FFA-87F6-4D0E-B122-FF19E73AFCE1}.Release|Mixed Platforms.ActiveCfg = Release|x86
		{5E909FFA-87F6-4D0E-B122-FF19E73AFCE1}.Release|Mixed Platforms.Build.0 = Release|x86
		{5E909FFA-87F6-4D0E-B122-FF19E73AFCE1}.Release|Win32.ActiveCfg = Release|x86
		{5E909FFA-87F6-4D0E-B122-FF19E73AFCE1}.Release|x86.ActiveCfg = Release|x86
		{5E909FFA-87F6-4D0E-B122-FF19E73AFCE1}.Release|x86.Build.0 = Release|x86
		{08F28C23-693F-4B5D-8B91-9CCA65329D81}.Debug|Any CPU.ActiveCfg = Debug|x86
		{08F28C23-693F-4B5D-8B91-9CCA65329D81}.Debug|Mixed Platforms.ActiveCfg = Debug|x86
		{08F28C23-693F-4B5D-8B91-9CCA65329D81}.Debug|Mixed Platforms.Build.0 = Debug|x86
		{08F28C23-693F-4B5D-8B91-9CCA65329D81}.Debug|Win32.ActiveCfg = Debug|x86
		{08F28C23-693F-4B5D-8B91-9CCA65329D81}.Debug|x86.ActiveCfg = Debug|x86
		{08F28C23-693F-4B5D-8B91-9CCA65329D81}.Debug|x86.Build.0 = Debug|x86
		{08F28C23-693F-4B5D-8B91-9CCA65329D81}.Release|Any CPU.ActiveCfg = Release|x86
		{08F28C23-693F-4B5D-8B91-9CCA65329D81}.Release|Mixed Platforms.ActiveCfg = Release|x86
		{08F28C23-693F-4B5D-8B91-9CCA65329D81}.Release|Mixed Platforms.Build.0 = Release|x86
		{08F28C23-693F-4B5D-8B91-9CCA65329D81}.Release|Win32.ActiveCfg = Release|x86
		{08F28C23-693F-4B5D-8B91-9CCA65329D81}.Release|x86.ActiveCfg = Release|x86
		{08F28C23-693F-4B5D-8B91-9CCA65329D81}.Release|x86.Build.0 = Release|x86
		{1EA5D96A-D9EC-4515-967B-E18124E9BA97}.Debug|Any CPU.ActiveCfg = Debug|x86
		{1EA5D96A-D9EC-4515-967B-E18124E9BA97}.Debug|Mixed Platforms.ActiveCfg = Debug|x86
		{1EA5D96A-D9EC-4515-967B-E18124E9BA97}.Debug|Mixed Platforms.Build.0 = Debug|x86
		{1EA5D96A-D9EC-4515-967B-E18124E9BA97}.Debug|Win32.ActiveCfg = Debug|x86
		{1EA5D96A-D9EC-4515-967B-E18124E9BA97}.Debug|x86.ActiveCfg = Debug|x86
		{1EA5D96A-D9EC-4515-967B-E18124E9BA97}.Debug|x86.Build.0 = Debug|x86
		{1EA5D96A-D9EC-4515-967B-E18124E9BA97}.Release|Any CPU.ActiveCfg = Release|x86
		{1EA5D96A-D9EC-4515-967B-E18124E9BA97}.Release|Mixed Platforms.ActiveCfg = Release|x86
		{1EA5D96A-D9EC-4515-967B-E18124E9BA97}.Release|Mixed Platforms.Build.0 = Release|x86
		{1EA5D96A-D9EC-4515-967B-E18124E9BA97}.Release|Win32.ActiveCfg = Release|x86
		{1EA5D96A-D9EC-4515-967B-E18124E9BA97}.Release|x86.ActiveCfg = Release|x86
		{1EA5D96A-D9EC-4515-967B-E18124E9BA97}.Release|x86.Build.0 = Release|x86
		{0DAF0B22-321B-438E-B115-BDE82A89ED3C}.Debug|Any CPU.ActiveCfg = Debug|Any CPU
		{0DAF0B22-321B-438E-B115-BDE82A89ED3C}.Debug|Any CPU.Build.0 = Debug|Any CPU
		{0DAF0B22-321B-438E-B115-BDE82A89ED3C}.Debug|Mixed Platforms.ActiveCfg = Debug|Any CPU
		{0DAF0B22-321B-438E-B115-BDE82A89ED3C}.Debug|Mixed Platforms.Build.0 = Debug|Any CPU
		{0DAF0B22-321B-438E-B115-BDE82A89ED3C}.Debug|Win32.ActiveCfg = Debug|Any CPU
		{0DAF0B22-321B-438E-B115-BDE82A89ED3C}.Debug|x86.ActiveCfg = Debug|Any CPU
		{0DAF0B22-321B-438E-B115-BDE82A89ED3C}.Release|Any CPU.ActiveCfg = Release|Any CPU
		{0DAF0B22-321B-438E-B115-BDE82A89ED3C}.Release|Any CPU.Build.0 = Release|Any CPU
		{0DAF0B22-321B-438E-B115-BDE82A89ED3C}.Release|Mixed Platforms.ActiveCfg = Release|Any CPU
		{0DAF0B22-321B-438E-B115-BDE82A89ED3C}.Release|Mixed Platforms.Build.0 = Release|Any CPU
		{0DAF0B22-321B-438E-B115-BDE82A89ED3C}.Release|Win32.ActiveCfg = Release|Any CPU
		{0DAF0B22-321B-438E-B115-BDE82A89ED3C}.Release|x86.ActiveCfg = Release|Any CPU
		{9B966D15-0B32-403B-9D8C-355ECD1FFA00}.Debug|Any CPU.ActiveCfg = Debug|Any CPU
		{9B966D15-0B32-403B-9D8C-355ECD1FFA00}.Debug|Any CPU.Build.0 = Debug|Any CPU
		{9B966D15-0B32-403B-9D8C-355ECD1FFA00}.Debug|Mixed Platforms.ActiveCfg = Debug|Any CPU
		{9B966D15-0B32-403B-9D8C-355ECD1FFA00}.Debug|Mixed Platforms.Build.0 = Debug|Any CPU
		{9B966D15-0B32-403B-9D8C-355ECD1FFA00}.Debug|Win32.ActiveCfg = Debug|Any CPU
		{9B966D15-0B32-403B-9D8C-355ECD1FFA00}.Debug|x86.ActiveCfg = Debug|Any CPU
		{9B966D15-0B32-403B-9D8C-355ECD1FFA00}.Release|Any CPU.ActiveCfg = Release|Any CPU
		{9B966D15-0B32-403B-9D8C-355ECD1FFA00}.Release|Any CPU.Build.0 = Release|Any CPU
		{9B966D15-0B32-403B-9D8C-355ECD1FFA00}.Release|Mixed Platforms.ActiveCfg = Release|Any CPU
		{9B966D15-0B32-403B-9D8C-355ECD1FFA00}.Release|Mixed Platforms.Build.0 = Release|Any CPU
		{9B966D15-0B32-403B-9D8C-355ECD1FFA00}.Release|Win32.ActiveCfg = Release|Any CPU
		{9B966D15-0B32-403B-9D8C-355ECD1FFA00}.Release|x86.ActiveCfg = Release|Any CPU
		{4786D8DB-A29A-4A5E-8CB7-E76F978A8789}.Debug|Any CPU.ActiveCfg = Debug|x86
		{4786D8DB-A29A-4A5E-8CB7-E76F978A8789}.Debug|Mixed Platforms.ActiveCfg = Debug|x86
		{4786D8DB-A29A-4A5E-8CB7-E76F978A8789}.Debug|Mixed Platforms.Build.0 = Debug|x86
		{4786D8DB-A29A-4A5E-8CB7-E76F978A8789}.Debug|Win32.ActiveCfg = Debug|x86
		{4786D8DB-A29A-4A5E-8CB7-E76F978A8789}.Debug|x86.ActiveCfg = Debug|x86
		{4786D8DB-A29A-4A5E-8CB7-E76F978A8789}.Debug|x86.Build.0 = Debug|x86
		{4786D8DB-A29A-4A5E-8CB7-E76F978A8789}.Release|Any CPU.ActiveCfg = Release|x86
		{4786D8DB-A29A-4A5E-8CB7-E76F978A8789}.Release|Mixed Platforms.ActiveCfg = Release|x86
		{4786D8DB-A29A-4A5E-8CB7-E76F978A8789}.Release|Mixed Platforms.Build.0 = Release|x86
		{4786D8DB-A29A-4A5E-8CB7-E76F978A8789}.Release|Win32.ActiveCfg = Release|x86
		{4786D8DB-A29A-4A5E-8CB7-E76F978A8789}.Release|x86.ActiveCfg = Release|x86
		{4786D8DB-A29A-4A5E-8CB7-E76F978A8789}.Release|x86.Build.0 = Release|x86
		{6C5B9614-9E1B-43BC-AF1C-D5DAD025E63B}.Debug|Any CPU.ActiveCfg = Debug|x86
		{6C5B9614-9E1B-43BC-AF1C-D5DAD025E63B}.Debug|Mixed Platforms.ActiveCfg = Debug|x86
		{6C5B9614-9E1B-43BC-AF1C-D5DAD025E63B}.Debug|Mixed Platforms.Build.0 = Debug|x86
		{6C5B9614-9E1B-43BC-AF1C-D5DAD025E63B}.Debug|Win32.ActiveCfg = Debug|x86
		{6C5B9614-9E1B-43BC-AF1C-D5DAD025E63B}.Debug|x86.ActiveCfg = Debug|x86
		{6C5B9614-9E1B-43BC-AF1C-D5DAD025E63B}.Debug|x86.Build.0 = Debug|x86
		{6C5B9614-9E1B-43BC-AF1C-D5DAD025E63B}.Release|Any CPU.ActiveCfg = Release|x86
		{6C5B9614-9E1B-43BC-AF1C-D5DAD025E63B}.Release|Mixed Platforms.ActiveCfg = Release|x86
		{6C5B9614-9E1B-43BC-AF1C-D5DAD025E63B}.Release|Mixed Platforms.Build.0 = Release|x86
		{6C5B9614-9E1B-43BC-AF1C-D5DAD025E63B}.Release|Win32.ActiveCfg = Release|x86
		{6C5B9614-9E1B-43BC-AF1C-D5DAD025E63B}.Release|x86.ActiveCfg = Release|x86
		{6C5B9614-9E1B-43BC-AF1C-D5DAD025E63B}.Release|x86.Build.0 = Release|x86
		{64AA062E-6C34-4191-8096-F947D784D23F}.Debug|Any CPU.ActiveCfg = Debug|x86
		{64AA062E-6C34-4191-8096-F947D784D23F}.Debug|Mixed Platforms.ActiveCfg = Debug|x86
		{64AA062E-6C34-4191-8096-F947D784D23F}.Debug|Mixed Platforms.Build.0 = Debug|x86
		{64AA062E-6C34-4191-8096-F947D784D23F}.Debug|Win32.ActiveCfg = Debug|x86
		{64AA062E-6C34-4191-8096-F947D784D23F}.Debug|x86.ActiveCfg = Debug|x86
		{64AA062E-6C34-4191-8096-F947D784D23F}.Debug|x86.Build.0 = Debug|x86
		{64AA062E-6C34-4191-8096-F947D784D23F}.Release|Any CPU.ActiveCfg = Release|x86
		{64AA062E-6C34-4191-8096-F947D784D23F}.Release|Mixed Platforms.ActiveCfg = Release|x86
		{64AA062E-6C34-4191-8096-F947D784D23F}.Release|Mixed Platforms.Build.0 = Release|x86
		{64AA062E-6C34-4191-8096-F947D784D23F}.Release|Win32.ActiveCfg = Release|x86
		{64AA062E-6C34-4191-8096-F947D784D23F}.Release|x86.ActiveCfg = Release|x86
		{64AA062E-6C34-4191-8096-F947D784D23F}.Release|x86.Build.0 = Release|x86
	EndGlobalSection
	GlobalSection(SolutionProperties) = preSolution
		HideSolutionNode = FALSE
	EndGlobalSection
EndGlobal
